// !$*UTF8*$!
{
	archiveVersion = 1;
	classes = {
	};
	objectVersion = 46;
	objects = {

/* Begin PBXBuildFile section */
		850529841B3EDB5C00DE1E6F /* HealthKit.framework in Frameworks */ = {isa = PBXBuildFile; fileRef = 850529831B3EDB5C00DE1E6F /* HealthKit.framework */; };
		851313ED1B3F1C33009D713F /* toothtimer.xcdatamodeld in Sources */ = {isa = PBXBuildFile; fileRef = 851313EB1B3F1C33009D713F /* toothtimer.xcdatamodeld */; };
		851313F21B3F1DDC009D713F /* TimerParameter+CoreDataProperties.swift in Sources */ = {isa = PBXBuildFile; fileRef = 851313EE1B3F1DDC009D713F /* TimerParameter+CoreDataProperties.swift */; };
		851313F31B3F1DDC009D713F /* TimerParameter.swift in Sources */ = {isa = PBXBuildFile; fileRef = 851313EF1B3F1DDC009D713F /* TimerParameter.swift */; };
		851313F41B3F1DDC009D713F /* Log+CoreDataProperties.swift in Sources */ = {isa = PBXBuildFile; fileRef = 851313F01B3F1DDC009D713F /* Log+CoreDataProperties.swift */; };
		851313F51B3F1DDC009D713F /* Log.swift in Sources */ = {isa = PBXBuildFile; fileRef = 851313F11B3F1DDC009D713F /* Log.swift */; };
		851313F81B3F2023009D713F /* LogViewController.swift in Sources */ = {isa = PBXBuildFile; fileRef = 851313F71B3F2023009D713F /* LogViewController.swift */; };
		851313FA1B3F2036009D713F /* SettingViewController.swift in Sources */ = {isa = PBXBuildFile; fileRef = 851313F91B3F2036009D713F /* SettingViewController.swift */; };
		851AF9EC1B498BC500C42489 /* InfoPlist.strings in Resources */ = {isa = PBXBuildFile; fileRef = 851AF9EA1B498BC500C42489 /* InfoPlist.strings */; };
		851AF9F01B49A8C500C42489 /* AppUtil.m in Sources */ = {isa = PBXBuildFile; fileRef = 851AF9EF1B49A8C500C42489 /* AppUtil.m */; };
		855F5A821B482C5F003448D1 /* AppGlobal.swift in Sources */ = {isa = PBXBuildFile; fileRef = 855F5A811B482C5F003448D1 /* AppGlobal.swift */; };
		858669141B4C82D20091F8E5 /* CustomView.swift in Sources */ = {isa = PBXBuildFile; fileRef = 858669131B4C82D20091F8E5 /* CustomView.swift */; };
		85C03A361B49199900C88E95 /* UIColor.swift in Sources */ = {isa = PBXBuildFile; fileRef = 85C03A351B49199900C88E95 /* UIColor.swift */; };
		85C03A391B491A1800C88E95 /* NSURL.swift in Sources */ = {isa = PBXBuildFile; fileRef = 85C03A381B491A1800C88E95 /* NSURL.swift */; };
		85C03A3B1B491A5900C88E95 /* NSFileManager.swift in Sources */ = {isa = PBXBuildFile; fileRef = 85C03A3A1B491A5900C88E95 /* NSFileManager.swift */; };
		85C0EDC11B4015ED00102F72 /* CoreData.framework in Frameworks */ = {isa = PBXBuildFile; fileRef = 85C0EDC01B4015ED00102F72 /* CoreData.framework */; };
		85C0EDC51B40180A00102F72 /* Error.m in Sources */ = {isa = PBXBuildFile; fileRef = 85C0EDC41B40180A00102F72 /* Error.m */; };
		85C0EDC71B401B4600102F72 /* DataModel.swift in Sources */ = {isa = PBXBuildFile; fileRef = 85C0EDC61B401B4600102F72 /* DataModel.swift */; };
		85CFF8A31B49815D00C262F0 /* BooleanTableViewCell.m in Sources */ = {isa = PBXBuildFile; fileRef = 85CFF8981B49815D00C262F0 /* BooleanTableViewCell.m */; };
		85CFF8A41B49815D00C262F0 /* BooleanTableViewCell.xib in Resources */ = {isa = PBXBuildFile; fileRef = 85CFF8991B49815D00C262F0 /* BooleanTableViewCell.xib */; };
		85CFF8A51B49815D00C262F0 /* PickerTableViewCell.m in Sources */ = {isa = PBXBuildFile; fileRef = 85CFF89B1B49815D00C262F0 /* PickerTableViewCell.m */; };
		85CFF8A61B49815D00C262F0 /* PickerTableViewCell.xib in Resources */ = {isa = PBXBuildFile; fileRef = 85CFF89C1B49815D00C262F0 /* PickerTableViewCell.xib */; };
		85CFF8A71B49815D00C262F0 /* TextfieldBooleanTableViewCell.m in Sources */ = {isa = PBXBuildFile; fileRef = 85CFF89E1B49815D00C262F0 /* TextfieldBooleanTableViewCell.m */; };
		85CFF8A81B49815D00C262F0 /* TextfieldBooleanTableViewCell.xib in Resources */ = {isa = PBXBuildFile; fileRef = 85CFF89F1B49815D00C262F0 /* TextfieldBooleanTableViewCell.xib */; };
		85CFF8A91B49815D00C262F0 /* TextfieldTableViewCell.m in Sources */ = {isa = PBXBuildFile; fileRef = 85CFF8A11B49815D00C262F0 /* TextfieldTableViewCell.m */; };
		85CFF8AA1B49815D00C262F0 /* TextfieldTableViewCell.xib in Resources */ = {isa = PBXBuildFile; fileRef = 85CFF8A21B49815D00C262F0 /* TextfieldTableViewCell.xib */; };
		85CFF8AD1B49817900C262F0 /* SettingsViewController.m in Sources */ = {isa = PBXBuildFile; fileRef = 85CFF8AC1B49817900C262F0 /* SettingsViewController.m */; };
		85CFF8B01B49818600C262F0 /* GradientView.m in Sources */ = {isa = PBXBuildFile; fileRef = 85CFF8AF1B49818600C262F0 /* GradientView.m */; };
		85CFF8C11B498B5900C262F0 /* Localizable.strings in Resources */ = {isa = PBXBuildFile; fileRef = 85CFF8BF1B498B5900C262F0 /* Localizable.strings */; };
		85D7D2001B3ED72600807955 /* AppDelegate.swift in Sources */ = {isa = PBXBuildFile; fileRef = 85D7D1FF1B3ED72600807955 /* AppDelegate.swift */; };
		85D7D2021B3ED72600807955 /* TimerViewController.swift in Sources */ = {isa = PBXBuildFile; fileRef = 85D7D2011B3ED72600807955 /* TimerViewController.swift */; };
		85D7D2071B3ED72600807955 /* Main.storyboard in Resources */ = {isa = PBXBuildFile; fileRef = 85D7D2051B3ED72600807955 /* Main.storyboard */; };
		85D7D2091B3ED72600807955 /* Assets.xcassets in Resources */ = {isa = PBXBuildFile; fileRef = 85D7D2081B3ED72600807955 /* Assets.xcassets */; };
		85D7D20C1B3ED72600807955 /* LaunchScreen.storyboard in Resources */ = {isa = PBXBuildFile; fileRef = 85D7D20A1B3ED72600807955 /* LaunchScreen.storyboard */; };
		85DD47181B3EE6A9005BD7BE /* colorscheme.json in Resources */ = {isa = PBXBuildFile; fileRef = 85DD47171B3EE6A9005BD7BE /* colorscheme.json */; };
		85DD472E1B3EEBDB005BD7BE /* AppConfig.m in Sources */ = {isa = PBXBuildFile; fileRef = 85DD471B1B3EEBDB005BD7BE /* AppConfig.m */; };
		85DD472F1B3EEBDB005BD7BE /* CommonCoreGraphics.m in Sources */ = {isa = PBXBuildFile; fileRef = 85DD471E1B3EEBDB005BD7BE /* CommonCoreGraphics.m */; };
		85DD47301B3EEBDB005BD7BE /* NSArray+SectionInfo.m in Sources */ = {isa = PBXBuildFile; fileRef = 85DD47211B3EEBDB005BD7BE /* NSArray+SectionInfo.m */; };
		85DD47311B3EEBDB005BD7BE /* NSString+Date.m in Sources */ = {isa = PBXBuildFile; fileRef = 85DD47231B3EEBDB005BD7BE /* NSString+Date.m */; };
		85DD47321B3EEBDB005BD7BE /* SectionInfo.m in Sources */ = {isa = PBXBuildFile; fileRef = 85DD47251B3EEBDB005BD7BE /* SectionInfo.m */; };
		85DD47331B3EEBDB005BD7BE /* SettingsItem.m in Sources */ = {isa = PBXBuildFile; fileRef = 85DD47271B3EEBDB005BD7BE /* SettingsItem.m */; };
		85DD47351B3EEBDB005BD7BE /* UIImage+ImageEffects.m in Sources */ = {isa = PBXBuildFile; fileRef = 85DD472B1B3EEBDB005BD7BE /* UIImage+ImageEffects.m */; };
		85DD47361B3EEBDB005BD7BE /* UIImage+Tint.m in Sources */ = {isa = PBXBuildFile; fileRef = 85DD472D1B3EEBDB005BD7BE /* UIImage+Tint.m */; };
/* End PBXBuildFile section */

/* Begin PBXFileReference section */
		850529821B3EDAFC00DE1E6F /* ToothTimer.entitlements */ = {isa = PBXFileReference; lastKnownFileType = text.xml; path = ToothTimer.entitlements; sourceTree = "<group>"; };
		850529831B3EDB5C00DE1E6F /* HealthKit.framework */ = {isa = PBXFileReference; lastKnownFileType = wrapper.framework; name = HealthKit.framework; path = System/Library/Frameworks/HealthKit.framework; sourceTree = SDKROOT; };
		850529D01B3EE2A500DE1E6F /* PrefixHeader.pch */ = {isa = PBXFileReference; lastKnownFileType = sourcecode.c.h; path = PrefixHeader.pch; sourceTree = "<group>"; };
		851313EC1B3F1C33009D713F /* toothtimer.xcdatamodel */ = {isa = PBXFileReference; lastKnownFileType = wrapper.xcdatamodel; path = toothtimer.xcdatamodel; sourceTree = "<group>"; };
		851313EE1B3F1DDC009D713F /* TimerParameter+CoreDataProperties.swift */ = {isa = PBXFileReference; fileEncoding = 4; lastKnownFileType = sourcecode.swift; path = "TimerParameter+CoreDataProperties.swift"; sourceTree = "<group>"; };
		851313EF1B3F1DDC009D713F /* TimerParameter.swift */ = {isa = PBXFileReference; fileEncoding = 4; lastKnownFileType = sourcecode.swift; path = TimerParameter.swift; sourceTree = "<group>"; };
		851313F01B3F1DDC009D713F /* Log+CoreDataProperties.swift */ = {isa = PBXFileReference; fileEncoding = 4; lastKnownFileType = sourcecode.swift; path = "Log+CoreDataProperties.swift"; sourceTree = "<group>"; };
		851313F11B3F1DDC009D713F /* Log.swift */ = {isa = PBXFileReference; fileEncoding = 4; lastKnownFileType = sourcecode.swift; path = Log.swift; sourceTree = "<group>"; };
		851313F71B3F2023009D713F /* LogViewController.swift */ = {isa = PBXFileReference; fileEncoding = 4; lastKnownFileType = sourcecode.swift; path = LogViewController.swift; sourceTree = "<group>"; };
		851313F91B3F2036009D713F /* SettingViewController.swift */ = {isa = PBXFileReference; fileEncoding = 4; lastKnownFileType = sourcecode.swift; path = SettingViewController.swift; sourceTree = "<group>"; };
		851AF9EB1B498BC500C42489 /* en */ = {isa = PBXFileReference; lastKnownFileType = text.plist.strings; name = en; path = en.lproj/InfoPlist.strings; sourceTree = "<group>"; };
		851AF9ED1B498BCC00C42489 /* de */ = {isa = PBXFileReference; lastKnownFileType = text.plist.strings; name = de; path = de.lproj/InfoPlist.strings; sourceTree = "<group>"; };
		851AF9EE1B49A8C500C42489 /* AppUtil.h */ = {isa = PBXFileReference; fileEncoding = 4; lastKnownFileType = sourcecode.c.h; path = AppUtil.h; sourceTree = "<group>"; };
		851AF9EF1B49A8C500C42489 /* AppUtil.m */ = {isa = PBXFileReference; fileEncoding = 4; lastKnownFileType = sourcecode.c.objc; path = AppUtil.m; sourceTree = "<group>"; };
		855F5A811B482C5F003448D1 /* AppGlobal.swift */ = {isa = PBXFileReference; fileEncoding = 4; lastKnownFileType = sourcecode.swift; path = AppGlobal.swift; sourceTree = "<group>"; };
		858669131B4C82D20091F8E5 /* CustomView.swift */ = {isa = PBXFileReference; fileEncoding = 4; lastKnownFileType = sourcecode.swift; path = CustomView.swift; sourceTree = "<group>"; };
		85C03A351B49199900C88E95 /* UIColor.swift */ = {isa = PBXFileReference; fileEncoding = 4; lastKnownFileType = sourcecode.swift; path = UIColor.swift; sourceTree = "<group>"; };
		85C03A381B491A1800C88E95 /* NSURL.swift */ = {isa = PBXFileReference; fileEncoding = 4; lastKnownFileType = sourcecode.swift; path = NSURL.swift; sourceTree = "<group>"; };
		85C03A3A1B491A5900C88E95 /* NSFileManager.swift */ = {isa = PBXFileReference; fileEncoding = 4; lastKnownFileType = sourcecode.swift; path = NSFileManager.swift; sourceTree = "<group>"; };
		85C0EDC01B4015ED00102F72 /* CoreData.framework */ = {isa = PBXFileReference; lastKnownFileType = wrapper.framework; name = CoreData.framework; path = System/Library/Frameworks/CoreData.framework; sourceTree = SDKROOT; };
		85C0EDC31B40180A00102F72 /* Error.h */ = {isa = PBXFileReference; fileEncoding = 4; lastKnownFileType = sourcecode.c.h; path = Error.h; sourceTree = "<group>"; };
		85C0EDC41B40180A00102F72 /* Error.m */ = {isa = PBXFileReference; fileEncoding = 4; lastKnownFileType = sourcecode.c.objc; path = Error.m; sourceTree = "<group>"; };
		85C0EDC61B401B4600102F72 /* DataModel.swift */ = {isa = PBXFileReference; fileEncoding = 4; lastKnownFileType = sourcecode.swift; path = DataModel.swift; sourceTree = "<group>"; };
		85C0EDC81B40223B00102F72 /* MyPlayground.playground */ = {isa = PBXFileReference; lastKnownFileType = file.playground; path = MyPlayground.playground; sourceTree = "<group>"; };
		85CFF8971B49815D00C262F0 /* BooleanTableViewCell.h */ = {isa = PBXFileReference; fileEncoding = 4; lastKnownFileType = sourcecode.c.h; path = BooleanTableViewCell.h; sourceTree = "<group>"; };
		85CFF8981B49815D00C262F0 /* BooleanTableViewCell.m */ = {isa = PBXFileReference; fileEncoding = 4; lastKnownFileType = sourcecode.c.objc; path = BooleanTableViewCell.m; sourceTree = "<group>"; };
		85CFF8991B49815D00C262F0 /* BooleanTableViewCell.xib */ = {isa = PBXFileReference; fileEncoding = 4; lastKnownFileType = file.xib; path = BooleanTableViewCell.xib; sourceTree = "<group>"; };
		85CFF89A1B49815D00C262F0 /* PickerTableViewCell.h */ = {isa = PBXFileReference; fileEncoding = 4; lastKnownFileType = sourcecode.c.h; path = PickerTableViewCell.h; sourceTree = "<group>"; };
		85CFF89B1B49815D00C262F0 /* PickerTableViewCell.m */ = {isa = PBXFileReference; fileEncoding = 4; lastKnownFileType = sourcecode.c.objc; path = PickerTableViewCell.m; sourceTree = "<group>"; };
		85CFF89C1B49815D00C262F0 /* PickerTableViewCell.xib */ = {isa = PBXFileReference; fileEncoding = 4; lastKnownFileType = file.xib; path = PickerTableViewCell.xib; sourceTree = "<group>"; };
		85CFF89D1B49815D00C262F0 /* TextfieldBooleanTableViewCell.h */ = {isa = PBXFileReference; fileEncoding = 4; lastKnownFileType = sourcecode.c.h; path = TextfieldBooleanTableViewCell.h; sourceTree = "<group>"; };
		85CFF89E1B49815D00C262F0 /* TextfieldBooleanTableViewCell.m */ = {isa = PBXFileReference; fileEncoding = 4; lastKnownFileType = sourcecode.c.objc; path = TextfieldBooleanTableViewCell.m; sourceTree = "<group>"; };
		85CFF89F1B49815D00C262F0 /* TextfieldBooleanTableViewCell.xib */ = {isa = PBXFileReference; fileEncoding = 4; lastKnownFileType = file.xib; path = TextfieldBooleanTableViewCell.xib; sourceTree = "<group>"; };
		85CFF8A01B49815D00C262F0 /* TextfieldTableViewCell.h */ = {isa = PBXFileReference; fileEncoding = 4; lastKnownFileType = sourcecode.c.h; path = TextfieldTableViewCell.h; sourceTree = "<group>"; };
		85CFF8A11B49815D00C262F0 /* TextfieldTableViewCell.m */ = {isa = PBXFileReference; fileEncoding = 4; lastKnownFileType = sourcecode.c.objc; path = TextfieldTableViewCell.m; sourceTree = "<group>"; };
		85CFF8A21B49815D00C262F0 /* TextfieldTableViewCell.xib */ = {isa = PBXFileReference; fileEncoding = 4; lastKnownFileType = file.xib; path = TextfieldTableViewCell.xib; sourceTree = "<group>"; };
		85CFF8AB1B49817900C262F0 /* SettingsViewController.h */ = {isa = PBXFileReference; fileEncoding = 4; lastKnownFileType = sourcecode.c.h; path = SettingsViewController.h; sourceTree = "<group>"; };
		85CFF8AC1B49817900C262F0 /* SettingsViewController.m */ = {isa = PBXFileReference; fileEncoding = 4; lastKnownFileType = sourcecode.c.objc; path = SettingsViewController.m; sourceTree = "<group>"; };
		85CFF8AE1B49818600C262F0 /* GradientView.h */ = {isa = PBXFileReference; fileEncoding = 4; lastKnownFileType = sourcecode.c.h; path = GradientView.h; sourceTree = "<group>"; };
		85CFF8AF1B49818600C262F0 /* GradientView.m */ = {isa = PBXFileReference; fileEncoding = 4; lastKnownFileType = sourcecode.c.objc; path = GradientView.m; sourceTree = "<group>"; };
		85CFF8C01B498B5900C262F0 /* en */ = {isa = PBXFileReference; lastKnownFileType = text.plist.strings; name = en; path = en.lproj/Localizable.strings; sourceTree = "<group>"; };
		85CFF8C21B498B7400C262F0 /* de */ = {isa = PBXFileReference; lastKnownFileType = text.plist.strings; name = de; path = de.lproj/Localizable.strings; sourceTree = "<group>"; };
		85D7D1FC1B3ED72600807955 /* ToothTimer.app */ = {isa = PBXFileReference; explicitFileType = wrapper.application; includeInIndex = 0; path = ToothTimer.app; sourceTree = BUILT_PRODUCTS_DIR; };
		85D7D1FF1B3ED72600807955 /* AppDelegate.swift */ = {isa = PBXFileReference; lastKnownFileType = sourcecode.swift; path = AppDelegate.swift; sourceTree = "<group>"; };
		85D7D2011B3ED72600807955 /* TimerViewController.swift */ = {isa = PBXFileReference; lastKnownFileType = sourcecode.swift; path = TimerViewController.swift; sourceTree = "<group>"; };
		85D7D2061B3ED72600807955 /* Base */ = {isa = PBXFileReference; lastKnownFileType = file.storyboard; name = Base; path = Base.lproj/Main.storyboard; sourceTree = "<group>"; };
		85D7D2081B3ED72600807955 /* Assets.xcassets */ = {isa = PBXFileReference; lastKnownFileType = folder.assetcatalog; path = Assets.xcassets; sourceTree = "<group>"; };
		85D7D20B1B3ED72600807955 /* Base */ = {isa = PBXFileReference; lastKnownFileType = file.storyboard; name = Base; path = Base.lproj/LaunchScreen.storyboard; sourceTree = "<group>"; };
		85D7D20D1B3ED72600807955 /* Info.plist */ = {isa = PBXFileReference; lastKnownFileType = text.plist.xml; path = Info.plist; sourceTree = "<group>"; };
		85DD47171B3EE6A9005BD7BE /* colorscheme.json */ = {isa = PBXFileReference; fileEncoding = 4; lastKnownFileType = text.json; path = colorscheme.json; sourceTree = "<group>"; };
		85DD47191B3EE8E0005BD7BE /* ToothTimer-Bridging-Header.h */ = {isa = PBXFileReference; lastKnownFileType = sourcecode.c.h; path = "ToothTimer-Bridging-Header.h"; sourceTree = "<group>"; };
		85DD471A1B3EEBDB005BD7BE /* AppConfig.h */ = {isa = PBXFileReference; fileEncoding = 4; lastKnownFileType = sourcecode.c.h; path = AppConfig.h; sourceTree = "<group>"; };
		85DD471B1B3EEBDB005BD7BE /* AppConfig.m */ = {isa = PBXFileReference; fileEncoding = 4; lastKnownFileType = sourcecode.c.objc; path = AppConfig.m; sourceTree = "<group>"; };
		85DD471D1B3EEBDB005BD7BE /* CommonCoreGraphics.h */ = {isa = PBXFileReference; fileEncoding = 4; lastKnownFileType = sourcecode.c.h; path = CommonCoreGraphics.h; sourceTree = "<group>"; };
		85DD471E1B3EEBDB005BD7BE /* CommonCoreGraphics.m */ = {isa = PBXFileReference; fileEncoding = 4; lastKnownFileType = sourcecode.c.objc; path = CommonCoreGraphics.m; sourceTree = "<group>"; };
		85DD471F1B3EEBDB005BD7BE /* macros.h */ = {isa = PBXFileReference; fileEncoding = 4; lastKnownFileType = sourcecode.c.h; path = macros.h; sourceTree = "<group>"; };
		85DD47201B3EEBDB005BD7BE /* NSArray+SectionInfo.h */ = {isa = PBXFileReference; fileEncoding = 4; lastKnownFileType = sourcecode.c.h; path = "NSArray+SectionInfo.h"; sourceTree = "<group>"; };
		85DD47211B3EEBDB005BD7BE /* NSArray+SectionInfo.m */ = {isa = PBXFileReference; fileEncoding = 4; lastKnownFileType = sourcecode.c.objc; path = "NSArray+SectionInfo.m"; sourceTree = "<group>"; };
		85DD47221B3EEBDB005BD7BE /* NSString+Date.h */ = {isa = PBXFileReference; fileEncoding = 4; lastKnownFileType = sourcecode.c.h; path = "NSString+Date.h"; sourceTree = "<group>"; };
		85DD47231B3EEBDB005BD7BE /* NSString+Date.m */ = {isa = PBXFileReference; fileEncoding = 4; lastKnownFileType = sourcecode.c.objc; path = "NSString+Date.m"; sourceTree = "<group>"; };
		85DD47241B3EEBDB005BD7BE /* SectionInfo.h */ = {isa = PBXFileReference; fileEncoding = 4; lastKnownFileType = sourcecode.c.h; path = SectionInfo.h; sourceTree = "<group>"; };
		85DD47251B3EEBDB005BD7BE /* SectionInfo.m */ = {isa = PBXFileReference; fileEncoding = 4; lastKnownFileType = sourcecode.c.objc; path = SectionInfo.m; sourceTree = "<group>"; };
		85DD47261B3EEBDB005BD7BE /* SettingsItem.h */ = {isa = PBXFileReference; fileEncoding = 4; lastKnownFileType = sourcecode.c.h; path = SettingsItem.h; sourceTree = "<group>"; };
		85DD47271B3EEBDB005BD7BE /* SettingsItem.m */ = {isa = PBXFileReference; fileEncoding = 4; lastKnownFileType = sourcecode.c.objc; path = SettingsItem.m; sourceTree = "<group>"; };
		85DD472A1B3EEBDB005BD7BE /* UIImage+ImageEffects.h */ = {isa = PBXFileReference; fileEncoding = 4; lastKnownFileType = sourcecode.c.h; path = "UIImage+ImageEffects.h"; sourceTree = "<group>"; };
		85DD472B1B3EEBDB005BD7BE /* UIImage+ImageEffects.m */ = {isa = PBXFileReference; fileEncoding = 4; lastKnownFileType = sourcecode.c.objc; path = "UIImage+ImageEffects.m"; sourceTree = "<group>"; };
		85DD472C1B3EEBDB005BD7BE /* UIImage+Tint.h */ = {isa = PBXFileReference; fileEncoding = 4; lastKnownFileType = sourcecode.c.h; path = "UIImage+Tint.h"; sourceTree = "<group>"; };
		85DD472D1B3EEBDB005BD7BE /* UIImage+Tint.m */ = {isa = PBXFileReference; fileEncoding = 4; lastKnownFileType = sourcecode.c.objc; path = "UIImage+Tint.m"; sourceTree = "<group>"; };
/* End PBXFileReference section */

/* Begin PBXFrameworksBuildPhase section */
		85D7D1F91B3ED72600807955 /* Frameworks */ = {
			isa = PBXFrameworksBuildPhase;
			buildActionMask = 2147483647;
			files = (
				85C0EDC11B4015ED00102F72 /* CoreData.framework in Frameworks */,
				850529841B3EDB5C00DE1E6F /* HealthKit.framework in Frameworks */,
			);
			runOnlyForDeploymentPostprocessing = 0;
		};
/* End PBXFrameworksBuildPhase section */

/* Begin PBXGroup section */
		851313F61B3F1E1E009D713F /* dao */ = {
			isa = PBXGroup;
			children = (
				851313EB1B3F1C33009D713F /* toothtimer.xcdatamodeld */,
				851313EE1B3F1DDC009D713F /* TimerParameter+CoreDataProperties.swift */,
				851313EF1B3F1DDC009D713F /* TimerParameter.swift */,
				851313F01B3F1DDC009D713F /* Log+CoreDataProperties.swift */,
				851313F11B3F1DDC009D713F /* Log.swift */,
				85C0EDC61B401B4600102F72 /* DataModel.swift */,
			);
			name = dao;
			sourceTree = "<group>";
		};
		85C03A371B4919E700C88E95 /* Utilities */ = {
			isa = PBXGroup;
			children = (
				855F5A811B482C5F003448D1 /* AppGlobal.swift */,
				85C03A351B49199900C88E95 /* UIColor.swift */,
				85C03A381B491A1800C88E95 /* NSURL.swift */,
				85C03A3A1B491A5900C88E95 /* NSFileManager.swift */,
				858669131B4C82D20091F8E5 /* CustomView.swift */,
			);
			name = Utilities;
			sourceTree = "<group>";
		};
		85C0EDC21B4015FA00102F72 /* Frameworks */ = {
			isa = PBXGroup;
			children = (
				85C0EDC01B4015ED00102F72 /* CoreData.framework */,
				850529831B3EDB5C00DE1E6F /* HealthKit.framework */,
			);
			name = Frameworks;
			sourceTree = "<group>";
		};
		85CA7BD31B3EED55004DF6E0 /* Utilities-objc */ = {
			isa = PBXGroup;
			children = (
				851AF9EE1B49A8C500C42489 /* AppUtil.h */,
				851AF9EF1B49A8C500C42489 /* AppUtil.m */,
				85CFF8AE1B49818600C262F0 /* GradientView.h */,
				85CFF8AF1B49818600C262F0 /* GradientView.m */,
				85C0EDC31B40180A00102F72 /* Error.h */,
				85C0EDC41B40180A00102F72 /* Error.m */,
				85DD47191B3EE8E0005BD7BE /* ToothTimer-Bridging-Header.h */,
				850529D01B3EE2A500DE1E6F /* PrefixHeader.pch */,
				85DD471A1B3EEBDB005BD7BE /* AppConfig.h */,
				85DD471B1B3EEBDB005BD7BE /* AppConfig.m */,
				85DD471D1B3EEBDB005BD7BE /* CommonCoreGraphics.h */,
				85DD471E1B3EEBDB005BD7BE /* CommonCoreGraphics.m */,
				85DD471F1B3EEBDB005BD7BE /* macros.h */,
				85DD47201B3EEBDB005BD7BE /* NSArray+SectionInfo.h */,
				85DD47211B3EEBDB005BD7BE /* NSArray+SectionInfo.m */,
				85DD47221B3EEBDB005BD7BE /* NSString+Date.h */,
				85DD47231B3EEBDB005BD7BE /* NSString+Date.m */,
				85DD47241B3EEBDB005BD7BE /* SectionInfo.h */,
				85DD47251B3EEBDB005BD7BE /* SectionInfo.m */,
				85DD47261B3EEBDB005BD7BE /* SettingsItem.h */,
				85DD47271B3EEBDB005BD7BE /* SettingsItem.m */,
				85DD472A1B3EEBDB005BD7BE /* UIImage+ImageEffects.h */,
				85DD472B1B3EEBDB005BD7BE /* UIImage+ImageEffects.m */,
				85DD472C1B3EEBDB005BD7BE /* UIImage+Tint.h */,
				85DD472D1B3EEBDB005BD7BE /* UIImage+Tint.m */,
			);
			name = "Utilities-objc";
			sourceTree = "<group>";
		};
		85CA7BD41B3EED7A004DF6E0 /* Supported Files */ = {
			isa = PBXGroup;
			children = (
				851AF9EA1B498BC500C42489 /* InfoPlist.strings */,
				85CFF8BF1B498B5900C262F0 /* Localizable.strings */,
				85D7D2081B3ED72600807955 /* Assets.xcassets */,
				85D7D20A1B3ED72600807955 /* LaunchScreen.storyboard */,
				85DD47171B3EE6A9005BD7BE /* colorscheme.json */,
				850529821B3EDAFC00DE1E6F /* ToothTimer.entitlements */,
				85D7D20D1B3ED72600807955 /* Info.plist */,
			);
			name = "Supported Files";
			sourceTree = "<group>";
		};
		85CFF8961B49812000C262F0 /* TableCells */ = {
			isa = PBXGroup;
			children = (
				85CFF8AB1B49817900C262F0 /* SettingsViewController.h */,
				85CFF8AC1B49817900C262F0 /* SettingsViewController.m */,
				85CFF8971B49815D00C262F0 /* BooleanTableViewCell.h */,
				85CFF8981B49815D00C262F0 /* BooleanTableViewCell.m */,
				85CFF8991B49815D00C262F0 /* BooleanTableViewCell.xib */,
				85CFF89A1B49815D00C262F0 /* PickerTableViewCell.h */,
				85CFF89B1B49815D00C262F0 /* PickerTableViewCell.m */,
				85CFF89C1B49815D00C262F0 /* PickerTableViewCell.xib */,
				85CFF89D1B49815D00C262F0 /* TextfieldBooleanTableViewCell.h */,
				85CFF89E1B49815D00C262F0 /* TextfieldBooleanTableViewCell.m */,
				85CFF89F1B49815D00C262F0 /* TextfieldBooleanTableViewCell.xib */,
				85CFF8A01B49815D00C262F0 /* TextfieldTableViewCell.h */,
				85CFF8A11B49815D00C262F0 /* TextfieldTableViewCell.m */,
				85CFF8A21B49815D00C262F0 /* TextfieldTableViewCell.xib */,
			);
			name = TableCells;
			sourceTree = "<group>";
		};
		85D7D1F31B3ED72600807955 = {
			isa = PBXGroup;
			children = (
				85D7D1FE1B3ED72600807955 /* ToothTimer */,
				85C0EDC21B4015FA00102F72 /* Frameworks */,
				85D7D1FD1B3ED72600807955 /* Products */,
			);
			sourceTree = "<group>";
		};
		85D7D1FD1B3ED72600807955 /* Products */ = {
			isa = PBXGroup;
			children = (
				85D7D1FC1B3ED72600807955 /* ToothTimer.app */,
			);
			name = Products;
			sourceTree = "<group>";
		};
		85D7D1FE1B3ED72600807955 /* ToothTimer */ = {
			isa = PBXGroup;
			children = (
				85CA7BD41B3EED7A004DF6E0 /* Supported Files */,
				85CFF8961B49812000C262F0 /* TableCells */,
				851313F61B3F1E1E009D713F /* dao */,
				85CA7BD31B3EED55004DF6E0 /* Utilities-objc */,
				85C03A371B4919E700C88E95 /* Utilities */,
				85D7D1FF1B3ED72600807955 /* AppDelegate.swift */,
				85D7D2011B3ED72600807955 /* TimerViewController.swift */,
				85D7D2051B3ED72600807955 /* Main.storyboard */,
				851313F71B3F2023009D713F /* LogViewController.swift */,
				851313F91B3F2036009D713F /* SettingViewController.swift */,
				85C0EDC81B40223B00102F72 /* MyPlayground.playground */,
			);
			path = ToothTimer;
			sourceTree = "<group>";
		};
/* End PBXGroup section */

/* Begin PBXNativeTarget section */
		85D7D1FB1B3ED72600807955 /* ToothTimer */ = {
			isa = PBXNativeTarget;
			buildConfigurationList = 85D7D2101B3ED72600807955 /* Build configuration list for PBXNativeTarget "ToothTimer" */;
			buildPhases = (
				85D7D1F81B3ED72600807955 /* Sources */,
				85D7D1F91B3ED72600807955 /* Frameworks */,
				85D7D1FA1B3ED72600807955 /* Resources */,
			);
			buildRules = (
			);
			dependencies = (
			);
			name = ToothTimer;
			productName = ToothTimer;
			productReference = 85D7D1FC1B3ED72600807955 /* ToothTimer.app */;
			productType = "com.apple.product-type.application";
		};
/* End PBXNativeTarget section */

/* Begin PBXProject section */
		85D7D1F41B3ED72600807955 /* Project object */ = {
			isa = PBXProject;
			attributes = {
				LastUpgradeCheck = 0700;
				ORGANIZATIONNAME = ischlecken;
				TargetAttributes = {
					85D7D1FB1B3ED72600807955 = {
						CreatedOnToolsVersion = 7.0;
						DevelopmentTeam = 4V27BGKSLA;
						SystemCapabilities = {
							com.apple.ApplicationGroups.iOS = {
								enabled = 1;
							};
							com.apple.BackgroundModes = {
								enabled = 1;
							};
							com.apple.DataProtection = {
								enabled = 1;
							};
							com.apple.HealthKit = {
								enabled = 1;
							};
							com.apple.iCloud = {
								enabled = 1;
							};
						};
					};
				};
			};
			buildConfigurationList = 85D7D1F71B3ED72600807955 /* Build configuration list for PBXProject "ToothTimer" */;
			compatibilityVersion = "Xcode 3.2";
			developmentRegion = English;
			hasScannedForEncodings = 0;
			knownRegions = (
				en,
				Base,
				de,
			);
			mainGroup = 85D7D1F31B3ED72600807955;
			productRefGroup = 85D7D1FD1B3ED72600807955 /* Products */;
			projectDirPath = "";
			projectRoot = "";
			targets = (
				85D7D1FB1B3ED72600807955 /* ToothTimer */,
			);
		};
/* End PBXProject section */

/* Begin PBXResourcesBuildPhase section */
		85D7D1FA1B3ED72600807955 /* Resources */ = {
			isa = PBXResourcesBuildPhase;
			buildActionMask = 2147483647;
			files = (
				85DD47181B3EE6A9005BD7BE /* colorscheme.json in Resources */,
				85CFF8A61B49815D00C262F0 /* PickerTableViewCell.xib in Resources */,
				85D7D20C1B3ED72600807955 /* LaunchScreen.storyboard in Resources */,
				85D7D2091B3ED72600807955 /* Assets.xcassets in Resources */,
				85CFF8C11B498B5900C262F0 /* Localizable.strings in Resources */,
				85CFF8A41B49815D00C262F0 /* BooleanTableViewCell.xib in Resources */,
				85CFF8A81B49815D00C262F0 /* TextfieldBooleanTableViewCell.xib in Resources */,
				85D7D2071B3ED72600807955 /* Main.storyboard in Resources */,
				85CFF8AA1B49815D00C262F0 /* TextfieldTableViewCell.xib in Resources */,
				851AF9EC1B498BC500C42489 /* InfoPlist.strings in Resources */,
			);
			runOnlyForDeploymentPostprocessing = 0;
		};
/* End PBXResourcesBuildPhase section */

/* Begin PBXSourcesBuildPhase section */
		85D7D1F81B3ED72600807955 /* Sources */ = {
			isa = PBXSourcesBuildPhase;
			buildActionMask = 2147483647;
			files = (
				85CFF8A71B49815D00C262F0 /* TextfieldBooleanTableViewCell.m in Sources */,
				855F5A821B482C5F003448D1 /* AppGlobal.swift in Sources */,
				85DD47361B3EEBDB005BD7BE /* UIImage+Tint.m in Sources */,
				85CFF8A91B49815D00C262F0 /* TextfieldTableViewCell.m in Sources */,
				851313F21B3F1DDC009D713F /* TimerParameter+CoreDataProperties.swift in Sources */,
				85DD47331B3EEBDB005BD7BE /* SettingsItem.m in Sources */,
				851313F81B3F2023009D713F /* LogViewController.swift in Sources */,
				85C0EDC71B401B4600102F72 /* DataModel.swift in Sources */,
				85DD472F1B3EEBDB005BD7BE /* CommonCoreGraphics.m in Sources */,
				851AF9F01B49A8C500C42489 /* AppUtil.m in Sources */,
				85C03A361B49199900C88E95 /* UIColor.swift in Sources */,
				851313F41B3F1DDC009D713F /* Log+CoreDataProperties.swift in Sources */,
				85DD47321B3EEBDB005BD7BE /* SectionInfo.m in Sources */,
				85CFF8A51B49815D00C262F0 /* PickerTableViewCell.m in Sources */,
				85CFF8B01B49818600C262F0 /* GradientView.m in Sources */,
				85DD47351B3EEBDB005BD7BE /* UIImage+ImageEffects.m in Sources */,
				85C03A391B491A1800C88E95 /* NSURL.swift in Sources */,
				85CFF8A31B49815D00C262F0 /* BooleanTableViewCell.m in Sources */,
				851313F51B3F1DDC009D713F /* Log.swift in Sources */,
				85DD47301B3EEBDB005BD7BE /* NSArray+SectionInfo.m in Sources */,
				85DD472E1B3EEBDB005BD7BE /* AppConfig.m in Sources */,
				85C0EDC51B40180A00102F72 /* Error.m in Sources */,
				858669141B4C82D20091F8E5 /* CustomView.swift in Sources */,
				85D7D2001B3ED72600807955 /* AppDelegate.swift in Sources */,
				85C03A3B1B491A5900C88E95 /* NSFileManager.swift in Sources */,
				85D7D2021B3ED72600807955 /* TimerViewController.swift in Sources */,
				85DD47311B3EEBDB005BD7BE /* NSString+Date.m in Sources */,
				851313FA1B3F2036009D713F /* SettingViewController.swift in Sources */,
				851313F31B3F1DDC009D713F /* TimerParameter.swift in Sources */,
				851313ED1B3F1C33009D713F /* toothtimer.xcdatamodeld in Sources */,
				85CFF8AD1B49817900C262F0 /* SettingsViewController.m in Sources */,
			);
			runOnlyForDeploymentPostprocessing = 0;
		};
/* End PBXSourcesBuildPhase section */

/* Begin PBXVariantGroup section */
		851AF9EA1B498BC500C42489 /* InfoPlist.strings */ = {
			isa = PBXVariantGroup;
			children = (
				851AF9EB1B498BC500C42489 /* en */,
				851AF9ED1B498BCC00C42489 /* de */,
			);
			name = InfoPlist.strings;
			sourceTree = "<group>";
		};
		85CFF8BF1B498B5900C262F0 /* Localizable.strings */ = {
			isa = PBXVariantGroup;
			children = (
				85CFF8C01B498B5900C262F0 /* en */,
				85CFF8C21B498B7400C262F0 /* de */,
			);
			name = Localizable.strings;
			sourceTree = "<group>";
		};
		85D7D2051B3ED72600807955 /* Main.storyboard */ = {
			isa = PBXVariantGroup;
			children = (
				85D7D2061B3ED72600807955 /* Base */,
			);
			name = Main.storyboard;
			sourceTree = "<group>";
		};
		85D7D20A1B3ED72600807955 /* LaunchScreen.storyboard */ = {
			isa = PBXVariantGroup;
			children = (
				85D7D20B1B3ED72600807955 /* Base */,
			);
			name = LaunchScreen.storyboard;
			sourceTree = "<group>";
		};
/* End PBXVariantGroup section */

/* Begin XCBuildConfiguration section */
		85D7D20E1B3ED72600807955 /* Debug */ = {
			isa = XCBuildConfiguration;
			buildSettings = {
				ALWAYS_SEARCH_USER_PATHS = NO;
				CLANG_CXX_LANGUAGE_STANDARD = "gnu++0x";
				CLANG_CXX_LIBRARY = "libc++";
				CLANG_ENABLE_MODULES = YES;
				CLANG_ENABLE_OBJC_ARC = YES;
				CLANG_WARN_BOOL_CONVERSION = YES;
				CLANG_WARN_CONSTANT_CONVERSION = YES;
				CLANG_WARN_DIRECT_OBJC_ISA_USAGE = YES_ERROR;
				CLANG_WARN_EMPTY_BODY = YES;
				CLANG_WARN_ENUM_CONVERSION = YES;
				CLANG_WARN_INT_CONVERSION = YES;
				CLANG_WARN_OBJC_ROOT_CLASS = YES_ERROR;
				CLANG_WARN_UNREACHABLE_CODE = YES;
				CLANG_WARN__DUPLICATE_METHOD_MATCH = YES;
				"CODE_SIGN_IDENTITY[sdk=*]" = "iPhone Developer";
				COPY_PHASE_STRIP = NO;
				DEBUG_INFORMATION_FORMAT = dwarf;
				ENABLE_STRICT_OBJC_MSGSEND = YES;
				ENABLE_TESTABILITY = YES;
				GCC_C_LANGUAGE_STANDARD = gnu99;
				GCC_DYNAMIC_NO_PIC = NO;
				GCC_NO_COMMON_BLOCKS = YES;
				GCC_OPTIMIZATION_LEVEL = 0;
				GCC_PREPROCESSOR_DEFINITIONS = (
					"DEBUG=1",
					"$(inherited)",
				);
				GCC_WARN_64_TO_32_BIT_CONVERSION = YES;
				GCC_WARN_ABOUT_RETURN_TYPE = YES_ERROR;
				GCC_WARN_UNDECLARED_SELECTOR = YES;
				GCC_WARN_UNINITIALIZED_AUTOS = YES_AGGRESSIVE;
				GCC_WARN_UNUSED_FUNCTION = YES;
				GCC_WARN_UNUSED_VARIABLE = YES;
				IPHONEOS_DEPLOYMENT_TARGET = 9.0;
				MTL_ENABLE_DEBUG_INFO = YES;
				ONLY_ACTIVE_ARCH = YES;
				SDKROOT = iphoneos;
				SWIFT_OPTIMIZATION_LEVEL = "-Onone";
				TARGETED_DEVICE_FAMILY = "1,2";
			};
			name = Debug;
		};
		85D7D20F1B3ED72600807955 /* Release */ = {
			isa = XCBuildConfiguration;
			buildSettings = {
				ALWAYS_SEARCH_USER_PATHS = NO;
				CLANG_CXX_LANGUAGE_STANDARD = "gnu++0x";
				CLANG_CXX_LIBRARY = "libc++";
				CLANG_ENABLE_MODULES = YES;
				CLANG_ENABLE_OBJC_ARC = YES;
				CLANG_WARN_BOOL_CONVERSION = YES;
				CLANG_WARN_CONSTANT_CONVERSION = YES;
				CLANG_WARN_DIRECT_OBJC_ISA_USAGE = YES_ERROR;
				CLANG_WARN_EMPTY_BODY = YES;
				CLANG_WARN_ENUM_CONVERSION = YES;
				CLANG_WARN_INT_CONVERSION = YES;
				CLANG_WARN_OBJC_ROOT_CLASS = YES_ERROR;
				CLANG_WARN_UNREACHABLE_CODE = YES;
				CLANG_WARN__DUPLICATE_METHOD_MATCH = YES;
				"CODE_SIGN_IDENTITY[sdk=*]" = "iPhone Developer";
				COPY_PHASE_STRIP = NO;
				DEBUG_INFORMATION_FORMAT = "dwarf-with-dsym";
				ENABLE_NS_ASSERTIONS = NO;
				ENABLE_STRICT_OBJC_MSGSEND = YES;
				GCC_C_LANGUAGE_STANDARD = gnu99;
				GCC_NO_COMMON_BLOCKS = YES;
				GCC_WARN_64_TO_32_BIT_CONVERSION = YES;
				GCC_WARN_ABOUT_RETURN_TYPE = YES_ERROR;
				GCC_WARN_UNDECLARED_SELECTOR = YES;
				GCC_WARN_UNINITIALIZED_AUTOS = YES_AGGRESSIVE;
				GCC_WARN_UNUSED_FUNCTION = YES;
				GCC_WARN_UNUSED_VARIABLE = YES;
				IPHONEOS_DEPLOYMENT_TARGET = 9.0;
				MTL_ENABLE_DEBUG_INFO = NO;
				SDKROOT = iphoneos;
				TARGETED_DEVICE_FAMILY = "1,2";
				VALIDATE_PRODUCT = YES;
			};
			name = Release;
		};
		85D7D2111B3ED72600807955 /* Debug */ = {
			isa = XCBuildConfiguration;
			buildSettings = {
				ASSETCATALOG_COMPILER_APPICON_NAME = AppIcon;
				CODE_SIGN_ENTITLEMENTS = ToothTimer/ToothTimer.entitlements;
				CODE_SIGN_IDENTITY = "iPhone Developer";
				"CODE_SIGN_IDENTITY[sdk=iphoneos*]" = "iPhone Developer";
				GCC_PRECOMPILE_PREFIX_HEADER = YES;
				GCC_PREFIX_HEADER = ToothTimer/PrefixHeader.pch;
				INFOPLIST_FILE = ToothTimer/Info.plist;
				LD_RUNPATH_SEARCH_PATHS = "$(inherited) @executable_path/Frameworks";
				PRODUCT_BUNDLE_IDENTIFIER = net.ischlecken.ToothTimer;
				PRODUCT_NAME = "$(TARGET_NAME)";
				PROVISIONING_PROFILE = "";
				SWIFT_OBJC_BRIDGING_HEADER = "ToothTimer/ToothTimer-Bridging-Header.h";
			};
			name = Debug;
		};
		85D7D2121B3ED72600807955 /* Release */ = {
			isa = XCBuildConfiguration;
			buildSettings = {
				ASSETCATALOG_COMPILER_APPICON_NAME = AppIcon;
				CODE_SIGN_ENTITLEMENTS = ToothTimer/ToothTimer.entitlements;
				CODE_SIGN_IDENTITY = "iPhone Developer";
				"CODE_SIGN_IDENTITY[sdk=iphoneos*]" = "iPhone Developer";
				GCC_PRECOMPILE_PREFIX_HEADER = YES;
				GCC_PREFIX_HEADER = ToothTimer/PrefixHeader.pch;
				INFOPLIST_FILE = ToothTimer/Info.plist;
				LD_RUNPATH_SEARCH_PATHS = "$(inherited) @executable_path/Frameworks";
				PRODUCT_BUNDLE_IDENTIFIER = net.ischlecken.ToothTimer;
				PRODUCT_NAME = "$(TARGET_NAME)";
				PROVISIONING_PROFILE = "";
				SWIFT_OBJC_BRIDGING_HEADER = "ToothTimer/ToothTimer-Bridging-Header.h";
			};
			name = Release;
		};
/* End XCBuildConfiguration section */

/* Begin XCConfigurationList section */
		85D7D1F71B3ED72600807955 /* Build configuration list for PBXProject "ToothTimer" */ = {
			isa = XCConfigurationList;
			buildConfigurations = (
				85D7D20E1B3ED72600807955 /* Debug */,
				85D7D20F1B3ED72600807955 /* Release */,
			);
			defaultConfigurationIsVisible = 0;
			defaultConfigurationName = Release;
		};
		85D7D2101B3ED72600807955 /* Build configuration list for PBXNativeTarget "ToothTimer" */ = {
			isa = XCConfigurationList;
			buildConfigurations = (
				85D7D2111B3ED72600807955 /* Debug */,
				85D7D2121B3ED72600807955 /* Release */,
			);
			defaultConfigurationIsVisible = 0;
			defaultConfigurationName = Release;
		};
/* End XCConfigurationList section */

/* Begin XCVersionGroup section */
		851313EB1B3F1C33009D713F /* toothtimer.xcdatamodeld */ = {
			isa = XCVersionGroup;
			children = (
				851313EC1B3F1C33009D713F /* toothtimer.xcdatamodel */,
			);
			currentVersion = 851313EC1B3F1C33009D713F /* toothtimer.xcdatamodel */;
			path = toothtimer.xcdatamodeld;
			sourceTree = "<group>";
			versionGroupType = wrapper.xcdatamodel;
		};
/* End XCVersionGroup section */
	};
	rootObject = 85D7D1F41B3ED72600807955 /* Project object */;
}
